# This file is generated by running "yarn install" inside your project.
# Manual changes might be lost - proceed with caution!

__metadata:
  version: 6
  cacheKey: 8

"@adraffy/ens-normalize@git+https://github.com/ricmoo/ens-normalize.js.git":
  version: 1.9.0
  resolution: "@adraffy/ens-normalize@https://github.com/ricmoo/ens-normalize.js.git#commit=2d040533e57e4f25f9a7cc4715e219658ad454b5"
  checksum: 5f5771008a78f1d819ddc2e7c27a5e48c269b491e9f17a52e2bdea2e42c7bdd9e1d812f37fe9cbc1379a755897b649b4375f4ad92140b92a9c04f8fcb2942788
  languageName: node
  linkType: hard

"@noble/hashes@npm:1.1.2":
  version: 1.1.2
  resolution: "@noble/hashes@npm:1.1.2"
  checksum: 3c2a8cb7c2e053811032f242155d870c5eb98844d924d69702244d48804cb03b42d4a666c49c2b71164420d8229cb9a6f242b972d50d5bb2f1d673b98b041de2
  languageName: node
  linkType: hard

"@noble/secp256k1@npm:1.7.1":
  version: 1.7.1
  resolution: "@noble/secp256k1@npm:1.7.1"
  checksum: d2301f1f7690368d8409a3152450458f27e54df47e3f917292de3de82c298770890c2de7c967d237eff9c95b70af485389a9695f73eb05a43e2bd562d18b18cb
  languageName: node
  linkType: hard

"@types/node@npm:18.15.13":
  version: 18.15.13
  resolution: "@types/node@npm:18.15.13"
  checksum: 79cc5a2b5f98e8973061a4260a781425efd39161a0e117a69cd089603964816c1a14025e1387b4590c8e82d05133b7b4154fa53a7dffb3877890a66145e76515
  languageName: node
  linkType: hard

"aes-js@npm:4.0.0-beta.5":
  version: 4.0.0-beta.5
  resolution: "aes-js@npm:4.0.0-beta.5"
  checksum: cc2ea969d77df939c32057f7e361b6530aa6cb93cb10617a17a45cd164e6d761002f031ff6330af3e67e58b1f0a3a8fd0b63a720afd591a653b02f649470e15b
  languageName: node
  linkType: hard

"balanced-match@npm:^1.0.0":
  version: 1.0.2
  resolution: "balanced-match@npm:1.0.2"
  checksum: 9706c088a283058a8a99e0bf91b0a2f75497f185980d9ffa8b304de1d9e58ebda7c72c07ebf01dadedaac5b2907b2c6f566f660d62bd336c3468e960403b9d65
  languageName: node
  linkType: hard

"brace-expansion@npm:^1.1.7":
  version: 1.1.11
  resolution: "brace-expansion@npm:1.1.11"
  dependencies:
    balanced-match: ^1.0.0
    concat-map: 0.0.1
  checksum: faf34a7bb0c3fcf4b59c7808bc5d2a96a40988addf2e7e09dfbb67a2251800e0d14cd2bfc1aa79174f2f5095c54ff27f46fb1289fe2d77dac755b5eb3434cc07
  languageName: node
  linkType: hard

"command-exists@npm:^1.2.8":
  version: 1.2.9
  resolution: "command-exists@npm:1.2.9"
  checksum: 729ae3d88a2058c93c58840f30341b7f82688a573019535d198b57a4d8cb0135ced0ad7f52b591e5b28a90feb2c675080ce916e56254a0f7c15cb2395277cac3
  languageName: node
  linkType: hard

"commander@npm:3.0.2":
  version: 3.0.2
  resolution: "commander@npm:3.0.2"
  checksum: 6d14ad030d1904428139487ed31febcb04c1604db2b8d9fae711f60ee6718828dc0e11602249e91c8a97b0e721e9c6d53edbc166bad3cde1596851d59a8f824d
  languageName: node
  linkType: hard

"concat-map@npm:0.0.1":
  version: 0.0.1
  resolution: "concat-map@npm:0.0.1"
  checksum: 902a9f5d8967a3e2faf138d5cb784b9979bad2e6db5357c5b21c568df4ebe62bcb15108af1b2253744844eb964fc023fbd9afbbbb6ddd0bcc204c6fb5b7bf3af
  languageName: node
  linkType: hard

"dotenv@npm:^16.1.3":
  version: 16.1.3
  resolution: "dotenv@npm:16.1.3"
  checksum: 8f73bae720161cf365b679de162fe79a05f5b7a21d0d2b8bf9fb0601a2ed30f7e9dc49fa8b752d93206e4b7d427eccea2f383a1622cd5da4a1824f43bf8f780b
  languageName: node
  linkType: hard

"ethers-simple-storage-fcc@workspace:.":
  version: 0.0.0-use.local
  resolution: "ethers-simple-storage-fcc@workspace:."
  dependencies:
    dotenv: ^16.1.3
    ethers: ^6.4.1
    fs-extra: ^11.1.1
    solc: 0.8.7-fixed
  languageName: unknown
  linkType: soft

"ethers@npm:^6.4.1":
  version: 6.4.1
  resolution: "ethers@npm:6.4.1"
  dependencies:
    "@adraffy/ens-normalize": "git+https://github.com/ricmoo/ens-normalize.js.git"
    "@noble/hashes": 1.1.2
    "@noble/secp256k1": 1.7.1
    "@types/node": 18.15.13
    aes-js: 4.0.0-beta.5
    tslib: 2.4.0
    ws: 8.5.0
  checksum: 7d268690ea613537d81304d47ff7ee5147a499168a2eccf75499204fac05513ac82d57272cae070b346bce614c9e8afa96c7a47cb5c43a8029ed7616ddb12355
  languageName: node
  linkType: hard

"follow-redirects@npm:^1.12.1":
  version: 1.15.2
  resolution: "follow-redirects@npm:1.15.2"
  peerDependenciesMeta:
    debug:
      optional: true
  checksum: faa66059b66358ba65c234c2f2a37fcec029dc22775f35d9ad6abac56003268baf41e55f9ee645957b32c7d9f62baf1f0b906e68267276f54ec4b4c597c2b190
  languageName: node
  linkType: hard

"fs-extra@npm:^0.30.0":
  version: 0.30.0
  resolution: "fs-extra@npm:0.30.0"
  dependencies:
    graceful-fs: ^4.1.2
    jsonfile: ^2.1.0
    klaw: ^1.0.0
    path-is-absolute: ^1.0.0
    rimraf: ^2.2.8
  checksum: 6edfd65fc813baa27f1603778c0f5ec11f8c5006a20b920437813ee2023eba18aeec8bef1c89b2e6c84f9fc90fdc7c916f4a700466c8c69d22a35d018f2570f0
  languageName: node
  linkType: hard

"fs-extra@npm:^11.1.1":
  version: 11.1.1
  resolution: "fs-extra@npm:11.1.1"
  dependencies:
    graceful-fs: ^4.2.0
    jsonfile: ^6.0.1
    universalify: ^2.0.0
  checksum: fb883c68245b2d777fbc1f2082c9efb084eaa2bbf9fddaa366130d196c03608eebef7fb490541276429ee1ca99f317e2d73e96f5ca0999eefedf5a624ae1edfd
  languageName: node
  linkType: hard

"fs.realpath@npm:^1.0.0":
  version: 1.0.0
  resolution: "fs.realpath@npm:1.0.0"
  checksum: 99ddea01a7e75aa276c250a04eedeffe5662bce66c65c07164ad6264f9de18fb21be9433ead460e54cff20e31721c811f4fb5d70591799df5f85dce6d6746fd0
  languageName: node
  linkType: hard

"glob@npm:^7.1.3":
  version: 7.2.3
  resolution: "glob@npm:7.2.3"
  dependencies:
    fs.realpath: ^1.0.0
    inflight: ^1.0.4
    inherits: 2
    minimatch: ^3.1.1
    once: ^1.3.0
    path-is-absolute: ^1.0.0
  checksum: 29452e97b38fa704dabb1d1045350fb2467cf0277e155aa9ff7077e90ad81d1ea9d53d3ee63bd37c05b09a065e90f16aec4a65f5b8de401d1dac40bc5605d133
  languageName: node
  linkType: hard

"graceful-fs@npm:^4.1.2, graceful-fs@npm:^4.1.6, graceful-fs@npm:^4.1.9, graceful-fs@npm:^4.2.0":
  version: 4.2.11
  resolution: "graceful-fs@npm:4.2.11"
  checksum: ac85f94da92d8eb6b7f5a8b20ce65e43d66761c55ce85ac96df6865308390da45a8d3f0296dd3a663de65d30ba497bd46c696cc1e248c72b13d6d567138a4fc7
  languageName: node
  linkType: hard

"inflight@npm:^1.0.4":
  version: 1.0.6
  resolution: "inflight@npm:1.0.6"
  dependencies:
    once: ^1.3.0
    wrappy: 1
  checksum: f4f76aa072ce19fae87ce1ef7d221e709afb59d445e05d47fba710e85470923a75de35bfae47da6de1b18afc3ce83d70facf44cfb0aff89f0a3f45c0a0244dfd
  languageName: node
  linkType: hard

"inherits@npm:2":
  version: 2.0.4
  resolution: "inherits@npm:2.0.4"
  checksum: 4a48a733847879d6cf6691860a6b1e3f0f4754176e4d71494c41f3475553768b10f84b5ce1d40fbd0e34e6bfbb864ee35858ad4dd2cf31e02fc4a154b724d7f1
  languageName: node
  linkType: hard

"js-sha3@npm:0.8.0":
  version: 0.8.0
  resolution: "js-sha3@npm:0.8.0"
  checksum: 75df77c1fc266973f06cce8309ce010e9e9f07ec35ab12022ed29b7f0d9c8757f5a73e1b35aa24840dced0dea7059085aa143d817aea9e188e2a80d569d9adce
  languageName: node
  linkType: hard

"jsonfile@npm:^2.1.0":
  version: 2.4.0
  resolution: "jsonfile@npm:2.4.0"
  dependencies:
    graceful-fs: ^4.1.6
  dependenciesMeta:
    graceful-fs:
      optional: true
  checksum: f5064aabbc9e35530dc471d8b203ae1f40dbe949ddde4391c6f6a6d310619a15f0efdae5587df594d1d70c555193aaeee9d2ed4aec9ffd5767bd5e4e62d49c3d
  languageName: node
  linkType: hard

"jsonfile@npm:^6.0.1":
  version: 6.1.0
  resolution: "jsonfile@npm:6.1.0"
  dependencies:
    graceful-fs: ^4.1.6
    universalify: ^2.0.0
  dependenciesMeta:
    graceful-fs:
      optional: true
  checksum: 7af3b8e1ac8fe7f1eccc6263c6ca14e1966fcbc74b618d3c78a0a2075579487547b94f72b7a1114e844a1e15bb00d440e5d1720bfc4612d790a6f285d5ea8354
  languageName: node
  linkType: hard

"klaw@npm:^1.0.0":
  version: 1.3.1
  resolution: "klaw@npm:1.3.1"
  dependencies:
    graceful-fs: ^4.1.9
  dependenciesMeta:
    graceful-fs:
      optional: true
  checksum: 8f69e4797c26e7c3f2426bfa85f38a3da3c2cb1b4c6bd850d2377aed440d41ce9d806f2885c2e2e224372c56af4b1d43b8a499adecf9a05e7373dc6b8b7c52e4
  languageName: node
  linkType: hard

"memorystream@npm:^0.3.1":
  version: 0.3.1
  resolution: "memorystream@npm:0.3.1"
  checksum: f18b42440d24d09516d01466c06adf797df7873f0d40aa7db02e5fb9ed83074e5e65412d0720901d7069363465f82dc4f8bcb44f0cde271567a61426ce6ca2e9
  languageName: node
  linkType: hard

"minimatch@npm:^3.1.1":
  version: 3.1.2
  resolution: "minimatch@npm:3.1.2"
  dependencies:
    brace-expansion: ^1.1.7
  checksum: c154e566406683e7bcb746e000b84d74465b3a832c45d59912b9b55cd50dee66e5c4b1e5566dba26154040e51672f9aa450a9aef0c97cfc7336b78b7afb9540a
  languageName: node
  linkType: hard

"once@npm:^1.3.0":
  version: 1.4.0
  resolution: "once@npm:1.4.0"
  dependencies:
    wrappy: 1
  checksum: cd0a88501333edd640d95f0d2700fbde6bff20b3d4d9bdc521bdd31af0656b5706570d6c6afe532045a20bb8dc0849f8332d6f2a416e0ba6d3d3b98806c7db68
  languageName: node
  linkType: hard

"os-tmpdir@npm:~1.0.2":
  version: 1.0.2
  resolution: "os-tmpdir@npm:1.0.2"
  checksum: 5666560f7b9f10182548bf7013883265be33620b1c1b4a4d405c25be2636f970c5488ff3e6c48de75b55d02bde037249fe5dbfbb4c0fb7714953d56aed062e6d
  languageName: node
  linkType: hard

"path-is-absolute@npm:^1.0.0":
  version: 1.0.1
  resolution: "path-is-absolute@npm:1.0.1"
  checksum: 060840f92cf8effa293bcc1bea81281bd7d363731d214cbe5c227df207c34cd727430f70c6037b5159c8a870b9157cba65e775446b0ab06fd5ecc7e54615a3b8
  languageName: node
  linkType: hard

"require-from-string@npm:^2.0.0":
  version: 2.0.2
  resolution: "require-from-string@npm:2.0.2"
  checksum: a03ef6895445f33a4015300c426699bc66b2b044ba7b670aa238610381b56d3f07c686251740d575e22f4c87531ba662d06937508f0f3c0f1ddc04db3130560b
  languageName: node
  linkType: hard

"rimraf@npm:^2.2.8":
  version: 2.7.1
  resolution: "rimraf@npm:2.7.1"
  dependencies:
    glob: ^7.1.3
  bin:
    rimraf: ./bin.js
  checksum: cdc7f6eacb17927f2a075117a823e1c5951792c6498ebcce81ca8203454a811d4cf8900314154d3259bb8f0b42ab17f67396a8694a54cae3283326e57ad250cd
  languageName: node
  linkType: hard

"semver@npm:^5.5.0":
  version: 5.7.1
  resolution: "semver@npm:5.7.1"
  bin:
    semver: ./bin/semver
  checksum: 57fd0acfd0bac382ee87cd52cd0aaa5af086a7dc8d60379dfe65fea491fb2489b6016400813930ecd61fd0952dae75c115287a1b16c234b1550887117744dfaf
  languageName: node
  linkType: hard

"solc@npm:0.8.7-fixed":
  version: 0.8.7-fixed
  resolution: "solc@npm:0.8.7-fixed"
  dependencies:
    command-exists: ^1.2.8
    commander: 3.0.2
    follow-redirects: ^1.12.1
    fs-extra: ^0.30.0
    js-sha3: 0.8.0
    memorystream: ^0.3.1
    require-from-string: ^2.0.0
    semver: ^5.5.0
    tmp: 0.0.33
  bin:
    solcjs: solcjs
  checksum: 48fa12ba01fd0299573f78c3b41be5600018b44b1c048a897cea00adfbde40a4c6f605e4cc880513fd571f6a969e580dc06e71a16cadeacbe8d8e4bab68fb98e
  languageName: node
  linkType: hard

"tmp@npm:0.0.33":
  version: 0.0.33
  resolution: "tmp@npm:0.0.33"
  dependencies:
    os-tmpdir: ~1.0.2
  checksum: 902d7aceb74453ea02abbf58c203f4a8fc1cead89b60b31e354f74ed5b3fb09ea817f94fb310f884a5d16987dd9fa5a735412a7c2dd088dd3d415aa819ae3a28
  languageName: node
  linkType: hard

"tslib@npm:2.4.0":
  version: 2.4.0
  resolution: "tslib@npm:2.4.0"
  checksum: 8c4aa6a3c5a754bf76aefc38026134180c053b7bd2f81338cb5e5ebf96fefa0f417bff221592bf801077f5bf990562f6264fecbc42cd3309b33872cb6fc3b113
  languageName: node
  linkType: hard

"universalify@npm:^2.0.0":
  version: 2.0.0
  resolution: "universalify@npm:2.0.0"
  checksum: 2406a4edf4a8830aa6813278bab1f953a8e40f2f63a37873ffa9a3bc8f9745d06cc8e88f3572cb899b7e509013f7f6fcc3e37e8a6d914167a5381d8440518c44
  languageName: node
  linkType: hard

"wrappy@npm:1":
  version: 1.0.2
  resolution: "wrappy@npm:1.0.2"
  checksum: 159da4805f7e84a3d003d8841557196034155008f817172d4e986bd591f74aa82aa7db55929a54222309e01079a65a92a9e6414da5a6aa4b01ee44a511ac3ee5
  languageName: node
  linkType: hard

"ws@npm:8.5.0":
  version: 8.5.0
  resolution: "ws@npm:8.5.0"
  peerDependencies:
    bufferutil: ^4.0.1
    utf-8-validate: ^5.0.2
  peerDependenciesMeta:
    bufferutil:
      optional: true
    utf-8-validate:
      optional: true
  checksum: 76f2f90e40344bf18fd544194e7067812fb1372b2a37865678d8f12afe4b478ff2ebc0c7c0aff82cd5e6b66fc43d889eec0f1865c2365d8f7a66d92da7744a77
  languageName: node
  linkType: hard
